github.com/confetti-framework/contract v0.1.0-rc.1 h1:uNppEfy6lP4b4PKGdpW5Z7t40rKn27PnI86Yw72ZseA=
github.com/confetti-framework/contract v0.1.0-rc.1/go.mod h1:8RAxkoUGEArjrzpBmypkSHd1RWr4/NRLr7Uaa4+cVJs=
github.com/confetti-framework/contract v0.1.1-rc.1 h1:7v1CjjEsXMwaWmasmBqg93ROnka7sQPvCqJ0CSQyt+0=
github.com/confetti-framework/contract v0.1.1-rc.1/go.mod h1:8RAxkoUGEArjrzpBmypkSHd1RWr4/NRLr7Uaa4+cVJs=
github.com/confetti-framework/contract v0.1.2 h1:40Wt/LgX2/HtyuiQekFgCgO+4pX2ODEssF0jlFlBn/8=
github.com/confetti-framework/contract v0.1.2/go.mod h1:4IIdDZfKW0xPshLjuIEesemD1Zd1FqFYt2kpkooB9g8=
github.com/confetti-framework/errors v0.11.0-rc.1 h1:Docd/3JG4DwVAiz/KSXnO31fS4wv3rWFPLhgv9c9KVI=
github.com/confetti-framework/errors v0.11.0-rc.1/go.mod h1:a59waUvDS3t8nOeqI0yQDrhILEicAvlca7Kbeilsrao=
github.com/confetti-framework/errors v0.11.0 h1:rIOBgIpw5zGb25q5Pfg2cIk4vMCQb+Gs/kdaEze7BHY=
github.com/confetti-framework/errors v0.11.0/go.mod h1:a59waUvDS3t8nOeqI0yQDrhILEicAvlca7Kbeilsrao=
github.com/confetti-framework/foundation v0.3.0-rc.2/go.mod h1:Fnl/b5HgUsNZnnpsUpNqmAYN+Ny0OrAFyCZeQKZqPHs=
github.com/confetti-framework/foundation v0.3.1 h1:OV39RqZ3R/+XHCuvdJxYIIIDd/zeYM0MR2qwUo7Pha0=
github.com/confetti-framework/foundation v0.3.1/go.mod h1:ALWdxA5ZKKXMwqek47q4PJkShT0EDbsy5WgdZc5e3tg=
github.com/confetti-framework/foundation v0.3.2 h1:RwDFC00EUP2xXwq5EG6ZdZXAYehGX0kGBuwfKs1jhg8=
github.com/confetti-framework/foundation v0.3.2/go.mod h1:dnT6l0DPJKJWrYfDP9T+Ik6b/+bUHq7xA7IKmbPtsAk=
github.com/confetti-framework/foundation v0.3.3 h1:fuLFz0F0T5wsBA8Dc5taY3u72NaLYtSyLea4AOfaxgg=
github.com/confetti-framework/foundation v0.3.3/go.mod h1:c8n/bUj2RzO8uknE4ohzwSGv8awBYUOl3VzbiF//9z0=
github.com/confetti-framework/foundation v0.4.0 h1:f7ouXQ5lObbfBX85m9fnGqWLAx9zjeZKN/K9lk8DTU8=
github.com/confetti-framework/foundation v0.4.0/go.mod h1:c8n/bUj2RzO8uknE4ohzwSGv8awBYUOl3VzbiF//9z0=
github.com/confetti-framework/routing v0.5.0-rc.2/go.mod h1:OaxFjhc1hwj1ela8C6A8MutRjlDNmRbxQrtKncJ5DHM=
github.com/confetti-framework/routing v0.5.0-rc.7/go.mod h1:y1Ckjt7364ZdL9PhQdTT1HVfuTOI3+ynnkvNxLdM9n0=
github.com/confetti-framework/support v0.2.0-rc.1 h1:LSF3NDIVqPpRJEEj4r+4N1PoJfAvGxe0Hdr2sNHwJ60=
github.com/confetti-framework/support v0.2.0-rc.1/go.mod h1:uwOTcc+vAtkzr5GihkCzjv11YVI15UJMhfU2HLRCk/A=
github.com/confetti-framework/support v0.2.0-rc.2 h1:8VT+f4BFI7HrquqRjrYIdq+79NoNt7pCbGLf3t+XCI0=
github.com/confetti-framework/support v0.2.0-rc.2/go.mod h1:uwOTcc+vAtkzr5GihkCzjv11YVI15UJMhfU2HLRCk/A=
github.com/confetti-framework/support v0.2.0 h1:mUxED5PnvtJqZBpxRrhkFtpUU+gm3EchnAdNAyIxwMA=
github.com/confetti-framework/support v0.2.0/go.mod h1:uwOTcc+vAtkzr5GihkCzjv11YVI15UJMhfU2HLRCk/A=
github.com/confetti-framework/syslog v0.1.0-rc h1:BqzyW2p9uSxYOL1MQFrMGAcsix7X5nW8bgHlf7SuZkM=
github.com/confetti-framework/syslog v0.1.0-rc/go.mod h1:O6eT3y5cYDGQSVT6lrhScB5NKdylG0R304PmGiChm7Y=
github.com/confetti-framework/syslog v0.1.1 h1:ZYea1UXjp/m1DajS6regPislq+kUhe6+/RpNzCaJ8js=
github.com/confetti-framework/syslog v0.1.1/go.mod h1:O6eT3y5cYDGQSVT6lrhScB5NKdylG0R304PmGiChm7Y=
github.com/confetti-framework/validation v0.1.0-rc.1 h1:FAWrTYiyurHnO1oBeIcTH2mmdfN+aJCskDkWvMawt6A=
github.com/confetti-framework/validation v0.1.0-rc.1/go.mod h1:0Jh48odPow4IGtJNMZUDLrZb961BsrmojQqvjn4IlXI=
github.com/creack/pty v1.1.9/go.mod h1:oKZEueFk5CKHvIhNR5MUki03XCEU+Q6VDXinZuGJ33E=
github.com/davecgh/go-spew v1.1.0/go.mod h1:J7Y8YcW2NihsgmVo/mv3lAwl/skON4iLHjSsI+c5H38=
github.com/davecgh/go-spew v1.1.1 h1:vj9j/u1bqnvCEfJOwUhtlOARqs3+rkHYY13jYWTU97c=
github.com/davecgh/go-spew v1.1.1/go.mod h1:J7Y8YcW2NihsgmVo/mv3lAwl/skON4iLHjSsI+c5H38=
github.com/gorilla/mux v1.7.4 h1:VuZ8uybHlWmqV03+zRzdwKL4tUnIp1MAQtp1mIFE1bc=
github.com/gorilla/mux v1.7.4/go.mod h1:DVbg23sWSpFRCP0SfiEN6jmj59UnW/n46BH5rLB71So=
github.com/gorilla/mux v1.8.0 h1:i40aqfkR1h2SlN9hojwV5ZA91wcXFOvkdNIeFDP5koI=
github.com/gorilla/mux v1.8.0/go.mod h1:DVbg23sWSpFRCP0SfiEN6jmj59UnW/n46BH5rLB71So=
github.com/joho/godotenv v1.3.0 h1:Zjp+RcGpHhGlrMbJzXTrZZPrWj+1vfm90La1wgB6Bhc=
github.com/joho/godotenv v1.3.0/go.mod h1:7hK45KPybAkOC6peb+G5yklZfMxEjkZhHbwpqxOKXbg=
github.com/kr/pretty v0.2.1 h1:Fmg33tUaq4/8ym9TJN1x7sLJnHVwhP33CNkpYV/7rwI=
github.com/kr/pretty v0.2.1/go.mod h1:ipq/a2n7PKx3OHsz4KJII5eveXtPO4qwEXGdVfWzfnI=
github.com/kr/pty v1.1.1/go.mod h1:pFQYn66WHrOpPYNljwOMqo10TkYh1fy3cYio2l3bCsQ=
github.com/kr/text v0.1.0 h1:45sCR5RtlFHMR4UwH9sdQ5TC8v0qDQCHnXt+kaKSTVE=
github.com/kr/text v0.1.0/go.mod h1:4Jbv+DJW3UT/LiOwJeYQe1efqtUx/iVham/4vfdArNI=
github.com/kr/text v0.2.0 h1:5Nx0Ya0ZqY2ygV366QzturHI13Jq95ApcVaJBhpS+AY=
github.com/kr/text v0.2.0/go.mod h1:eLer722TekiGuMkidMxC/pM04lWEeraHUUmBw8l2grE=
github.com/pkg/errors v0.9.1/go.mod h1:bwawxfHBFNV+L2hUp1rHADufV3IMtnDRdf1r5NINEl0=
github.com/pmezard/go-difflib v1.0.0 h1:4DBwDE0NGyQoBHbLQYPwSUPoCMWR5BEzIk/f1lZbAQM=
github.com/pmezard/go-difflib v1.0.0/go.mod h1:iKH77koFhYxTK1pcRnkKkqfTogsbg7gZNVY4sRDYZ/4=
github.com/spf13/cast v1.3.1 h1:nFm6S0SMdyzrzcmThSipiEubIDy8WEXKNZ0UOgiRpng=
github.com/spf13/cast v1.3.1/go.mod h1:Qx5cxh0v+4UWYiBimWS+eyWzqEqokIECu5etghLkUJE=
github.com/stretchr/objx v0.1.0/go.mod h1:HFkY916IF+rwdDfMAkV7OtwuqBVzrE8GR6GFx+wExME=
github.com/stretchr/testify v1.2.2/go.mod h1:a8OnRcib4nhh0OaRAV+Yts87kKdq0PP7pXfy6kDkUVs=
github.com/stretchr/testify v1.6.1 h1:hDPOHmpOpP40lSULcqw7IrRb/u7w6RpDC9399XyoNd0=
github.com/stretchr/testify v1.6.1/go.mod h1:6Fq8oRcR53rry900zMqJjRRixrwX3KX962/h/Wwjteg=
github.com/stretchr/testify v1.7.0 h1:nwc3DEeHmmLAfoZucVR881uASk0Mfjw8xYJ99tb5CcY=
github.com/stretchr/testify v1.7.0/go.mod h1:6Fq8oRcR53rry900zMqJjRRixrwX3KX962/h/Wwjteg=
github.com/tidwall/gjson v1.6.0 h1:9VEQWz6LLMUsUl6PueE49ir4Ka6CzLymOAZDxpFsTDc=
github.com/tidwall/gjson v1.6.0/go.mod h1:P256ACg0Mn+j1RXIDXoss50DeIABTYK1PULOJHhxOls=
github.com/tidwall/gjson v1.6.7 h1:Mb1M9HZCRWEcXQ8ieJo7auYyyiSux6w9XN3AdTpxJrE=
github.com/tidwall/gjson v1.6.7/go.mod h1:zeFuBCIqD4sN/gmqBzZ4j7Jd6UcA2Fc56x7QFsv+8fI=
github.com/tidwall/gjson v1.6.8 h1:CTmXMClGYPAmln7652e69B7OLXfTi5ABcPPwjIWUv7w=
github.com/tidwall/gjson v1.6.8/go.mod h1:zeFuBCIqD4sN/gmqBzZ4j7Jd6UcA2Fc56x7QFsv+8fI=
github.com/tidwall/match v1.0.1 h1:PnKP62LPNxHKTwvHHZZzdOAOCtsJTjo6dZLCwpKm5xc=
github.com/tidwall/match v1.0.1/go.mod h1:LujAq0jyVjBy028G1WhWfIzbpQfMO8bBZ6Tyb0+pL9E=
github.com/tidwall/match v1.0.3 h1:FQUVvBImDutD8wJLN6c5eMzWtjgONK9MwIBCOrUJKeE=
github.com/tidwall/match v1.0.3/go.mod h1:eRSPERbgtNPcGhD8UCthc6PmLEQXEWd3PRB5JTxsfmM=
github.com/tidwall/pretty v1.0.0 h1:HsD+QiTn7sK6flMKIvNmpqz1qrpP3Ps6jOKIKMooyg4=
github.com/tidwall/pretty v1.0.0/go.mod h1:XNkn88O1ChpSDQmQeStsy+sBenx6DDtFZJxhVysOjyk=
github.com/tidwall/pretty v1.0.2 h1:Z7S3cePv9Jwm1KwS0513MRaoUe3S01WPbLNV40pwWZU=
github.com/tidwall/pretty v1.0.2/go.mod h1:XNkn88O1ChpSDQmQeStsy+sBenx6DDtFZJxhVysOjyk=
github.com/uniplaces/carbon v0.1.6 h1:JVxwWs8FfwAN+PvB2bh9WCZRX2u1Vp77cGXr51uzxJs=
github.com/uniplaces/carbon v0.1.6/go.mod h1:glebpttsTxh8fBbciRAy3WvLfhBVa8n7qfgDTMAuJ3Y=
github.com/vigneshuvi/GoDateFormat v0.0.0-20190923034126-379ee8a8c45f h1:DvU+3RlTw42qO9oCjOtVHv5//ulVTozzO9ihktEK99w=
github.com/vigneshuvi/GoDateFormat v0.0.0-20190923034126-379ee8a8c45f/go.mod h1:190gFTWxRNREiiPal7zWZlNrwFSpv3BxDmOfgYqoYCY=
github.com/vigneshuvi/GoDateFormat v0.0.0-20210204121036-67364dc23c79 h1:37VzBuFO88QQnCEu+G41v9IqgJNBXR+4vR9vGwVqJ00=
github.com/vigneshuvi/GoDateFormat v0.0.0-20210204121036-67364dc23c79/go.mod h1:190gFTWxRNREiiPal7zWZlNrwFSpv3BxDmOfgYqoYCY=
golang.org/x/text v0.3.2 h1:tW2bmiBqwgJj/UpqtC8EpXEZVYOwU0yG4iWbprSVAcs=
golang.org/x/text v0.3.2/go.mod h1:bEr9sfX3Q8Zfm5fL9x+3itogRgK3+ptLWKqgva+5dAk=
golang.org/x/text v0.3.5 h1:i6eZZ+zk0SOf0xgBpEpPD18qWcJda6q1sxt3S0kzyUQ=
golang.org/x/text v0.3.5/go.mod h1:5Zoc/QRtKVWzQhOtBMvqHzDpF6irO9z98xDceosuGiQ=
golang.org/x/tools v0.0.0-20180917221912-90fa682c2a6e/go.mod h1:n7NCudcB/nEzxVGmLbDWY5pfWTLqBcC2KZ6jyYvM4mQ=
gopkg.in/check.v1 v0.0.0-20161208181325-20d25e280405 h1:yhCVgyC4o1eVCa2tZl7eS0r+SDo693bJlVdllGtEeKM=
gopkg.in/check.v1 v0.0.0-20161208181325-20d25e280405/go.mod h1:Co6ibVJAznAaIkqp8huTwlJQCZ016jof/cbN4VW5Yz0=
gopkg.in/check.v1 v1.0.0-20201130134442-10cb98267c6c h1:Hei/4ADfdWqJk1ZMxUNpqntNwaWcugrBjAiHlqqRiVk=
gopkg.in/check.v1 v1.0.0-20201130134442-10cb98267c6c/go.mod h1:JHkPIbrfpd72SG/EVd6muEfDQjcINNoR0C8j2r3qZ4Q=
gopkg.in/yaml.v3 v3.0.0-20200313102051-9f266ea9e77c h1:dUUwHk2QECo/6vqA44rthZ8ie2QXMNeKRTHCNY2nXvo=
gopkg.in/yaml.v3 v3.0.0-20200313102051-9f266ea9e77c/go.mod h1:K4uyk7z7BCEPqu6E+C64Yfv1cQ7kz7rIZviUmN+EgEM=
gopkg.in/yaml.v3 v3.0.0-20200615113413-eeeca48fe776 h1:tQIYjPdBoyREyB9XMu+nnTclpTYkz2zFM+lzLJFO4gQ=
gopkg.in/yaml.v3 v3.0.0-20200615113413-eeeca48fe776/go.mod h1:K4uyk7z7BCEPqu6E+C64Yfv1cQ7kz7rIZviUmN+EgEM=
gopkg.in/yaml.v3 v3.0.0-20210107192922-496545a6307b h1:h8qDotaEPuJATrMmW04NCwg7v22aHH28wwpauUhK9Oo=
gopkg.in/yaml.v3 v3.0.0-20210107192922-496545a6307b/go.mod h1:K4uyk7z7BCEPqu6E+C64Yfv1cQ7kz7rIZviUmN+EgEM=
